
Microsoft Visual Studio Solution File, Format Version 12.00
# Visual Studio Version 17
VisualStudioVersion = 17.5.002.0
MinimumVisualStudioVersion = 10.0.40219.1
Project("{9A19103F-16F7-4668-BE54-9A1E7A4F7556}") = "Fundamentalstwo", "Fundamentalstwo.csproj", "{D9F1DEE9-A67F-40FF-A70C-B2C3492E3BC0}"
EndProject
Global
	GlobalSection(SolutionConfigurationPlatforms) = preSolution
		Debug|Any CPU = Debug|Any CPU
		Release|Any CPU = Release|Any CPU
	EndGlobalSection
	GlobalSection(ProjectConfigurationPlatforms) = postSolution
		{D9F1DEE9-A67F-40FF-A70C-B2C3492E3BC0}.Debug|Any CPU.ActiveCfg = Debug|Any CPU
		{D9F1DEE9-A67F-40FF-A70C-B2C3492E3BC0}.Debug|Any CPU.Build.0 = Debug|Any CPU
		{D9F1DEE9-A67F-40FF-A70C-B2C3492E3BC0}.Release|Any CPU.ActiveCfg = Release|Any CPU
		{D9F1DEE9-A67F-40FF-A70C-B2C3492E3BC0}.Release|Any CPU.Build.0 = Release|Any CPU
	EndGlobalSection
	GlobalSection(SolutionProperties) = preSolution
		HideSolutionNode = FALSE
	EndGlobalSection
	GlobalSection(ExtensibilityGlobals) = postSolution
		SolutionGuid = {38AC0267-53C9-4A5D-AB08-C1A0470C0C85}
	EndGlobalSection
EndGlobal
